// !$*UTF8*$!
{
	archiveVersion = 1;
	classes = {
	};
	objectVersion = 56;
	objects = {

/* Begin PBXBuildFile section */
		3E4F4D64294B11800017BB02 /* UserData.swift in Sources */ = {isa = PBXBuildFile; fileRef = 3E4F4D63294B11800017BB02 /* UserData.swift */; };
		3E840C93294B9ACD00EAFD9C /* APIService.swift in Sources */ = {isa = PBXBuildFile; fileRef = 3E840C92294B9ACD00EAFD9C /* APIService.swift */; };
		3E93F569294AF908009D8358 /* AppDelegate.swift in Sources */ = {isa = PBXBuildFile; fileRef = 3E93F568294AF908009D8358 /* AppDelegate.swift */; };
		3E93F56B294AF908009D8358 /* SceneDelegate.swift in Sources */ = {isa = PBXBuildFile; fileRef = 3E93F56A294AF908009D8358 /* SceneDelegate.swift */; };
		3E93F56D294AF908009D8358 /* ViewController.swift in Sources */ = {isa = PBXBuildFile; fileRef = 3E93F56C294AF908009D8358 /* ViewController.swift */; };
		3E93F570294AF908009D8358 /* Main.storyboard in Resources */ = {isa = PBXBuildFile; fileRef = 3E93F56E294AF908009D8358 /* Main.storyboard */; };
		3E93F572294AF909009D8358 /* Assets.xcassets in Resources */ = {isa = PBXBuildFile; fileRef = 3E93F571294AF909009D8358 /* Assets.xcassets */; };
		3E93F575294AF909009D8358 /* LaunchScreen.storyboard in Resources */ = {isa = PBXBuildFile; fileRef = 3E93F573294AF909009D8358 /* LaunchScreen.storyboard */; };
		3E93F580294AF90A009D8358 /* MockProjectTests.swift in Sources */ = {isa = PBXBuildFile; fileRef = 3E93F57F294AF90A009D8358 /* MockProjectTests.swift */; };
		3E93F58A294AF90A009D8358 /* MockProjectUITests.swift in Sources */ = {isa = PBXBuildFile; fileRef = 3E93F589294AF90A009D8358 /* MockProjectUITests.swift */; };
		3E93F58C294AF90A009D8358 /* MockProjectUITestsLaunchTests.swift in Sources */ = {isa = PBXBuildFile; fileRef = 3E93F58B294AF90A009D8358 /* MockProjectUITestsLaunchTests.swift */; };
/* End PBXBuildFile section */

/* Begin PBXContainerItemProxy section */
		3E93F57C294AF90A009D8358 /* PBXContainerItemProxy */ = {
			isa = PBXContainerItemProxy;
			containerPortal = 3E93F55D294AF907009D8358 /* Project object */;
			proxyType = 1;
			remoteGlobalIDString = 3E93F564294AF907009D8358;
			remoteInfo = MockProject;
		};
		3E93F586294AF90A009D8358 /* PBXContainerItemProxy */ = {
			isa = PBXContainerItemProxy;
			containerPortal = 3E93F55D294AF907009D8358 /* Project object */;
			proxyType = 1;
			remoteGlobalIDString = 3E93F564294AF907009D8358;
			remoteInfo = MockProject;
		};
/* End PBXContainerItemProxy section */

/* Begin PBXFileReference section */
		3E4F4D63294B11800017BB02 /* UserData.swift */ = {isa = PBXFileReference; lastKnownFileType = sourcecode.swift; path = UserData.swift; sourceTree = "<group>"; };
		3E840C92294B9ACD00EAFD9C /* APIService.swift */ = {isa = PBXFileReference; lastKnownFileType = sourcecode.swift; path = APIService.swift; sourceTree = "<group>"; };
		3E93F565294AF908009D8358 /* MockProject.app */ = {isa = PBXFileReference; explicitFileType = wrapper.application; includeInIndex = 0; path = MockProject.app; sourceTree = BUILT_PRODUCTS_DIR; };
		3E93F568294AF908009D8358 /* AppDelegate.swift */ = {isa = PBXFileReference; lastKnownFileType = sourcecode.swift; path = AppDelegate.swift; sourceTree = "<group>"; };
		3E93F56A294AF908009D8358 /* SceneDelegate.swift */ = {isa = PBXFileReference; lastKnownFileType = sourcecode.swift; path = SceneDelegate.swift; sourceTree = "<group>"; };
		3E93F56C294AF908009D8358 /* ViewController.swift */ = {isa = PBXFileReference; lastKnownFileType = sourcecode.swift; path = ViewController.swift; sourceTree = "<group>"; };
		3E93F56F294AF908009D8358 /* Base */ = {isa = PBXFileReference; lastKnownFileType = file.storyboard; name = Base; path = Base.lproj/Main.storyboard; sourceTree = "<group>"; };
		3E93F571294AF909009D8358 /* Assets.xcassets */ = {isa = PBXFileReference; lastKnownFileType = folder.assetcatalog; path = Assets.xcassets; sourceTree = "<group>"; };
		3E93F574294AF909009D8358 /* Base */ = {isa = PBXFileReference; lastKnownFileType = file.storyboard; name = Base; path = Base.lproj/LaunchScreen.storyboard; sourceTree = "<group>"; };
		3E93F576294AF909009D8358 /* Info.plist */ = {isa = PBXFileReference; lastKnownFileType = text.plist.xml; path = Info.plist; sourceTree = "<group>"; };
		3E93F57B294AF90A009D8358 /* MockProjectTests.xctest */ = {isa = PBXFileReference; explicitFileType = wrapper.cfbundle; includeInIndex = 0; path = MockProjectTests.xctest; sourceTree = BUILT_PRODUCTS_DIR; };
		3E93F57F294AF90A009D8358 /* MockProjectTests.swift */ = {isa = PBXFileReference; lastKnownFileType = sourcecode.swift; path = MockProjectTests.swift; sourceTree = "<group>"; };
		3E93F585294AF90A009D8358 /* MockProjectUITests.xctest */ = {isa = PBXFileReference; explicitFileType = wrapper.cfbundle; includeInIndex = 0; path = MockProjectUITests.xctest; sourceTree = BUILT_PRODUCTS_DIR; };
		3E93F589294AF90A009D8358 /* MockProjectUITests.swift */ = {isa = PBXFileReference; lastKnownFileType = sourcecode.swift; path = MockProjectUITests.swift; sourceTree = "<group>"; };
		3E93F58B294AF90A009D8358 /* MockProjectUITestsLaunchTests.swift */ = {isa = PBXFileReference; lastKnownFileType = sourcecode.swift; path = MockProjectUITestsLaunchTests.swift; sourceTree = "<group>"; };
/* End PBXFileReference section */

/* Begin PBXFrameworksBuildPhase section */
		3E93F562294AF907009D8358 /* Frameworks */ = {
			isa = PBXFrameworksBuildPhase;
			buildActionMask = 2147483647;
			files = (
			);
			runOnlyForDeploymentPostprocessing = 0;
		};
		3E93F578294AF90A009D8358 /* Frameworks */ = {
			isa = PBXFrameworksBuildPhase;
			buildActionMask = 2147483647;
			files = (
			);
			runOnlyForDeploymentPostprocessing = 0;
		};
		3E93F582294AF90A009D8358 /* Frameworks */ = {
			isa = PBXFrameworksBuildPhase;
			buildActionMask = 2147483647;
			files = (
			);
			runOnlyForDeploymentPostprocessing = 0;
		};
/* End PBXFrameworksBuildPhase section */

/* Begin PBXGroup section */
		3E4F4D62294B103B0017BB02 /* Model */ = {
			isa = PBXGroup;
			children = (
				3E4F4D63294B11800017BB02 /* UserData.swift */,
			);
			name = Model;
			sourceTree = "<group>";
		};
		3E4F4D67294B2AD20017BB02 /* ViewModel */ = {
			isa = PBXGroup;
			children = (
			);
			name = ViewModel;
			sourceTree = "<group>";
		};
		3E4F4D68294B2B020017BB02 /* View */ = {
			isa = PBXGroup;
			children = (
			);
			name = View;
			sourceTree = "<group>";
		};
		3E840C91294B9AA100EAFD9C /* Service */ = {
			isa = PBXGroup;
			children = (
				3E840C92294B9ACD00EAFD9C /* APIService.swift */,
			);
			name = Service;
			sourceTree = "<group>";
		};
		3E93F55C294AF907009D8358 = {
			isa = PBXGroup;
			children = (
				3E840C91294B9AA100EAFD9C /* Service */,
				3E4F4D68294B2B020017BB02 /* View */,
				3E4F4D67294B2AD20017BB02 /* ViewModel */,
				3E4F4D62294B103B0017BB02 /* Model */,
				3E93F567294AF908009D8358 /* MockProject */,
				3E93F57E294AF90A009D8358 /* MockProjectTests */,
				3E93F588294AF90A009D8358 /* MockProjectUITests */,
				3E93F566294AF908009D8358 /* Products */,
			);
			sourceTree = "<group>";
		};
		3E93F566294AF908009D8358 /* Products */ = {
			isa = PBXGroup;
			children = (
				3E93F565294AF908009D8358 /* MockProject.app */,
				3E93F57B294AF90A009D8358 /* MockProjectTests.xctest */,
				3E93F585294AF90A009D8358 /* MockProjectUITests.xctest */,
			);
			name = Products;
			sourceTree = "<group>";
		};
		3E93F567294AF908009D8358 /* MockProject */ = {
			isa = PBXGroup;
			children = (
				3E93F568294AF908009D8358 /* AppDelegate.swift */,
				3E93F56A294AF908009D8358 /* SceneDelegate.swift */,
				3E93F56C294AF908009D8358 /* ViewController.swift */,
				3E93F56E294AF908009D8358 /* Main.storyboard */,
				3E93F571294AF909009D8358 /* Assets.xcassets */,
				3E93F573294AF909009D8358 /* LaunchScreen.storyboard */,
				3E93F576294AF909009D8358 /* Info.plist */,
			);
			path = MockProject;
			sourceTree = "<group>";
		};
		3E93F57E294AF90A009D8358 /* MockProjectTests */ = {
			isa = PBXGroup;
			children = (
				3E93F57F294AF90A009D8358 /* MockProjectTests.swift */,
			);
			path = MockProjectTests;
			sourceTree = "<group>";
		};
		3E93F588294AF90A009D8358 /* MockProjectUITests */ = {
			isa = PBXGroup;
			children = (
				3E93F589294AF90A009D8358 /* MockProjectUITests.swift */,
				3E93F58B294AF90A009D8358 /* MockProjectUITestsLaunchTests.swift */,
			);
			path = MockProjectUITests;
			sourceTree = "<group>";
		};
/* End PBXGroup section */

/* Begin PBXNativeTarget section */
		3E93F564294AF907009D8358 /* MockProject */ = {
			isa = PBXNativeTarget;
			buildConfigurationList = 3E93F58F294AF90A009D8358 /* Build configuration list for PBXNativeTarget "MockProject" */;
			buildPhases = (
				3E93F561294AF907009D8358 /* Sources */,
				3E93F562294AF907009D8358 /* Frameworks */,
				3E93F563294AF907009D8358 /* Resources */,
			);
			buildRules = (
			);
			dependencies = (
			);
			name = MockProject;
			productName = MockProject;
			productReference = 3E93F565294AF908009D8358 /* MockProject.app */;
			productType = "com.apple.product-type.application";
		};
		3E93F57A294AF90A009D8358 /* MockProjectTests */ = {
			isa = PBXNativeTarget;
			buildConfigurationList = 3E93F592294AF90A009D8358 /* Build configuration list for PBXNativeTarget "MockProjectTests" */;
			buildPhases = (
				3E93F577294AF90A009D8358 /* Sources */,
				3E93F578294AF90A009D8358 /* Frameworks */,
				3E93F579294AF90A009D8358 /* Resources */,
			);
			buildRules = (
			);
			dependencies = (
				3E93F57D294AF90A009D8358 /* PBXTargetDependency */,
			);
			name = MockProjectTests;
			productName = MockProjectTests;
			productReference = 3E93F57B294AF90A009D8358 /* MockProjectTests.xctest */;
			productType = "com.apple.product-type.bundle.unit-test";
		};
		3E93F584294AF90A009D8358 /* MockProjectUITests */ = {
			isa = PBXNativeTarget;
			buildConfigurationList = 3E93F595294AF90A009D8358 /* Build configuration list for PBXNativeTarget "MockProjectUITests" */;
			buildPhases = (
				3E93F581294AF90A009D8358 /* Sources */,
				3E93F582294AF90A009D8358 /* Frameworks */,
				3E93F583294AF90A009D8358 /* Resources */,
			);
			buildRules = (
			);
			dependencies = (
				3E93F587294AF90A009D8358 /* PBXTargetDependency */,
			);
			name = MockProjectUITests;
			productName = MockProjectUITests;
			productReference = 3E93F585294AF90A009D8358 /* MockProjectUITests.xctest */;
			productType = "com.apple.product-type.bundle.ui-testing";
		};
/* End PBXNativeTarget section */

/* Begin PBXProject section */
		3E93F55D294AF907009D8358 /* Project object */ = {
			isa = PBXProject;
			attributes = {
				BuildIndependentTargetsInParallel = 1;
				LastSwiftUpdateCheck = 1410;
				LastUpgradeCheck = 1410;
				TargetAttributes = {
					3E93F564294AF907009D8358 = {
						CreatedOnToolsVersion = 14.1;
					};
					3E93F57A294AF90A009D8358 = {
						CreatedOnToolsVersion = 14.1;
						TestTargetID = 3E93F564294AF907009D8358;
					};
					3E93F584294AF90A009D8358 = {
						CreatedOnToolsVersion = 14.1;
						TestTargetID = 3E93F564294AF907009D8358;
					};
				};
			};
			buildConfigurationList = 3E93F560294AF907009D8358 /* Build configuration list for PBXProject "MockProject" */;
			compatibilityVersion = "Xcode 14.0";
			developmentRegion = en;
			hasScannedForEncodings = 0;
			knownRegions = (
				en,
				Base,
			);
			mainGroup = 3E93F55C294AF907009D8358;
			productRefGroup = 3E93F566294AF908009D8358 /* Products */;
			projectDirPath = "";
			projectRoot = "";
			targets = (
				3E93F564294AF907009D8358 /* MockProject */,
				3E93F57A294AF90A009D8358 /* MockProjectTests */,
				3E93F584294AF90A009D8358 /* MockProjectUITests */,
			);
		};
/* End PBXProject section */

/* Begin PBXResourcesBuildPhase section */
		3E93F563294AF907009D8358 /* Resources */ = {
			isa = PBXResourcesBuildPhase;
			buildActionMask = 2147483647;
			files = (
				3E93F575294AF909009D8358 /* LaunchScreen.storyboard in Resources */,
				3E93F572294AF909009D8358 /* Assets.xcassets in Resources */,
				3E93F570294AF908009D8358 /* Main.storyboard in Resources */,
			);
			runOnlyForDeploymentPostprocessing = 0;
		};
		3E93F579294AF90A009D8358 /* Resources */ = {
			isa = PBXResourcesBuildPhase;
			buildActionMask = 2147483647;
			files = (
			);
			runOnlyForDeploymentPostprocessing = 0;
		};
		3E93F583294AF90A009D8358 /* Resources */ = {
			isa = PBXResourcesBuildPhase;
			buildActionMask = 2147483647;
			files = (
			);
			runOnlyForDeploymentPostprocessing = 0;
		};
/* End PBXResourcesBuildPhase section */

/* Begin PBXSourcesBuildPhase section */
		3E93F561294AF907009D8358 /* Sources */ = {
			isa = PBXSourcesBuildPhase;
			buildActionMask = 2147483647;
			files = (
				3E93F56D294AF908009D8358 /* ViewController.swift in Sources */,
				3E840C93294B9ACD00EAFD9C /* APIService.swift in Sources */,
				3E93F569294AF908009D8358 /* AppDelegate.swift in Sources */,
				3E4F4D64294B11800017BB02 /* UserData.swift in Sources */,
				3E93F56B294AF908009D8358 /* SceneDelegate.swift in Sources */,
			);
			runOnlyForDeploymentPostprocessing = 0;
		};
		3E93F577294AF90A009D8358 /* Sources */ = {
			isa = PBXSourcesBuildPhase;
			buildActionMask = 2147483647;
			files = (
				3E93F580294AF90A009D8358 /* MockProjectTests.swift in Sources */,
			);
			runOnlyForDeploymentPostprocessing = 0;
		};
		3E93F581294AF90A009D8358 /* Sources */ = {
			isa = PBXSourcesBuildPhase;
			buildActionMask = 2147483647;
			files = (
				3E93F58C294AF90A009D8358 /* MockProjectUITestsLaunchTests.swift in Sources */,
				3E93F58A294AF90A009D8358 /* MockProjectUITests.swift in Sources */,
			);
			runOnlyForDeploymentPostprocessing = 0;
		};
/* End PBXSourcesBuildPhase section */

/* Begin PBXTargetDependency section */
		3E93F57D294AF90A009D8358 /* PBXTargetDependency */ = {
			isa = PBXTargetDependency;
			target = 3E93F564294AF907009D8358 /* MockProject */;
			targetProxy = 3E93F57C294AF90A009D8358 /* PBXContainerItemProxy */;
		};
		3E93F587294AF90A009D8358 /* PBXTargetDependency */ = {
			isa = PBXTargetDependency;
			target = 3E93F564294AF907009D8358 /* MockProject */;
			targetProxy = 3E93F586294AF90A009D8358 /* PBXContainerItemProxy */;
		};
/* End PBXTargetDependency section */

/* Begin PBXVariantGroup section */
		3E93F56E294AF908009D8358 /* Main.storyboard */ = {
			isa = PBXVariantGroup;
			children = (
				3E93F56F294AF908009D8358 /* Base */,
			);
			name = Main.storyboard;
			sourceTree = "<group>";
		};
		3E93F573294AF909009D8358 /* LaunchScreen.storyboard */ = {
			isa = PBXVariantGroup;
			children = (
				3E93F574294AF909009D8358 /* Base */,
			);
			name = LaunchScreen.storyboard;
			sourceTree = "<group>";
		};
/* End PBXVariantGroup section */

/* Begin XCBuildConfiguration section */
		3E93F58D294AF90A009D8358 /* Debug */ = {
			isa = XCBuildConfiguration;
			buildSettings = {
				ALWAYS_SEARCH_USER_PATHS = NO;
				CLANG_ANALYZER_NONNULL = YES;
				CLANG_ANALYZER_NUMBER_OBJECT_CONVERSION = YES_AGGRESSIVE;
				CLANG_CXX_LANGUAGE_STANDARD = "gnu++20";
				CLANG_ENABLE_MODULES = YES;
				CLANG_ENABLE_OBJC_ARC = YES;
				CLANG_ENABLE_OBJC_WEAK = YES;
				CLANG_WARN_BLOCK_CAPTURE_AUTORELEASING = YES;
				CLANG_WARN_BOOL_CONVERSION = YES;
				CLANG_WARN_COMMA = YES;
				CLANG_WARN_CONSTANT_CONVERSION = YES;
				CLANG_WARN_DEPRECATED_OBJC_IMPLEMENTATIONS = YES;
				CLANG_WARN_DIRECT_OBJC_ISA_USAGE = YES_ERROR;
				CLANG_WARN_DOCUMENTATION_COMMENTS = YES;
				CLANG_WARN_EMPTY_BODY = YES;
				CLANG_WARN_ENUM_CONVERSION = YES;
				CLANG_WARN_INFINITE_RECURSION = YES;
				CLANG_WARN_INT_CONVERSION = YES;
				CLANG_WARN_NON_LITERAL_NULL_CONVERSION = YES;
				CLANG_WARN_OBJC_IMPLICIT_RETAIN_SELF = YES;
				CLANG_WARN_OBJC_LITERAL_CONVERSION = YES;
				CLANG_WARN_OBJC_ROOT_CLASS = YES_ERROR;
				CLANG_WARN_QUOTED_INCLUDE_IN_FRAMEWORK_HEADER = YES;
				CLANG_WARN_RANGE_LOOP_ANALYSIS = YES;
				CLANG_WARN_STRICT_PROTOTYPES = YES;
				CLANG_WARN_SUSPICIOUS_MOVE = YES;
				CLANG_WARN_UNGUARDED_AVAILABILITY = YES_AGGRESSIVE;
				CLANG_WARN_UNREACHABLE_CODE = YES;
				CLANG_WARN__DUPLICATE_METHOD_MATCH = YES;
				COPY_PHASE_STRIP = NO;
				DEBUG_INFORMATION_FORMAT = dwarf;
				ENABLE_STRICT_OBJC_MSGSEND = YES;
				ENABLE_TESTABILITY = YES;
				GCC_C_LANGUAGE_STANDARD = gnu11;
				GCC_DYNAMIC_NO_PIC = NO;
				GCC_NO_COMMON_BLOCKS = YES;
				GCC_OPTIMIZATION_LEVEL = 0;
				GCC_PREPROCESSOR_DEFINITIONS = (
					"DEBUG=1",
					"$(inherited)",
				);
				GCC_WARN_64_TO_32_BIT_CONVERSION = YES;
				GCC_WARN_ABOUT_RETURN_TYPE = YES_ERROR;
				GCC_WARN_UNDECLARED_SELECTOR = YES;
				GCC_WARN_UNINITIALIZED_AUTOS = YES_AGGRESSIVE;
				GCC_WARN_UNUSED_FUNCTION = YES;
				GCC_WARN_UNUSED_VARIABLE = YES;
				IPHONEOS_DEPLOYMENT_TARGET = 16.1;
				MTL_ENABLE_DEBUG_INFO = INCLUDE_SOURCE;
				MTL_FAST_MATH = YES;
				ONLY_ACTIVE_ARCH = YES;
				SDKROOT = iphoneos;
				SWIFT_ACTIVE_COMPILATION_CONDITIONS = DEBUG;
				SWIFT_OPTIMIZATION_LEVEL = "-Onone";
			};
			name = Debug;
		};
		3E93F58E294AF90A009D8358 /* Release */ = {
			isa = XCBuildConfiguration;
			buildSettings = {
				ALWAYS_SEARCH_USER_PATHS = NO;
				CLANG_ANALYZER_NONNULL = YES;
				CLANG_ANALYZER_NUMBER_OBJECT_CONVERSION = YES_AGGRESSIVE;
				CLANG_CXX_LANGUAGE_STANDARD = "gnu++20";
				CLANG_ENABLE_MODULES = YES;
				CLANG_ENABLE_OBJC_ARC = YES;
				CLANG_ENABLE_OBJC_WEAK = YES;
				CLANG_WARN_BLOCK_CAPTURE_AUTORELEASING = YES;
				CLANG_WARN_BOOL_CONVERSION = YES;
				CLANG_WARN_COMMA = YES;
				CLANG_WARN_CONSTANT_CONVERSION = YES;
				CLANG_WARN_DEPRECATED_OBJC_IMPLEMENTATIONS = YES;
				CLANG_WARN_DIRECT_OBJC_ISA_USAGE = YES_ERROR;
				CLANG_WARN_DOCUMENTATION_COMMENTS = YES;
				CLANG_WARN_EMPTY_BODY = YES;
				CLANG_WARN_ENUM_CONVERSION = YES;
				CLANG_WARN_INFINITE_RECURSION = YES;
				CLANG_WARN_INT_CONVERSION = YES;
				CLANG_WARN_NON_LITERAL_NULL_CONVERSION = YES;
				CLANG_WARN_OBJC_IMPLICIT_RETAIN_SELF = YES;
				CLANG_WARN_OBJC_LITERAL_CONVERSION = YES;
				CLANG_WARN_OBJC_ROOT_CLASS = YES_ERROR;
				CLANG_WARN_QUOTED_INCLUDE_IN_FRAMEWORK_HEADER = YES;
				CLANG_WARN_RANGE_LOOP_ANALYSIS = YES;
				CLANG_WARN_STRICT_PROTOTYPES = YES;
				CLANG_WARN_SUSPICIOUS_MOVE = YES;
				CLANG_WARN_UNGUARDED_AVAILABILITY = YES_AGGRESSIVE;
				CLANG_WARN_UNREACHABLE_CODE = YES;
				CLANG_WARN__DUPLICATE_METHOD_MATCH = YES;
				COPY_PHASE_STRIP = NO;
				DEBUG_INFORMATION_FORMAT = "dwarf-with-dsym";
				ENABLE_NS_ASSERTIONS = NO;
				ENABLE_STRICT_OBJC_MSGSEND = YES;
				GCC_C_LANGUAGE_STANDARD = gnu11;
				GCC_NO_COMMON_BLOCKS = YES;
				GCC_WARN_64_TO_32_BIT_CONVERSION = YES;
				GCC_WARN_ABOUT_RETURN_TYPE = YES_ERROR;
				GCC_WARN_UNDECLARED_SELECTOR = YES;
				GCC_WARN_UNINITIALIZED_AUTOS = YES_AGGRESSIVE;
				GCC_WARN_UNUSED_FUNCTION = YES;
				GCC_WARN_UNUSED_VARIABLE = YES;
				IPHONEOS_DEPLOYMENT_TARGET = 16.1;
				MTL_ENABLE_DEBUG_INFO = NO;
				MTL_FAST_MATH = YES;
				SDKROOT = iphoneos;
				SWIFT_COMPILATION_MODE = wholemodule;
				SWIFT_OPTIMIZATION_LEVEL = "-O";
				VALIDATE_PRODUCT = YES;
			};
			name = Release;
		};
		3E93F590294AF90A009D8358 /* Debug */ = {
			isa = XCBuildConfiguration;
			buildSettings = {
				ASSETCATALOG_COMPILER_APPICON_NAME = AppIcon;
				ASSETCATALOG_COMPILER_GLOBAL_ACCENT_COLOR_NAME = AccentColor;
				CODE_SIGN_STYLE = Automatic;
				CURRENT_PROJECT_VERSION = 1;
				GENERATE_INFOPLIST_FILE = YES;
				INFOPLIST_FILE = MockProject/Info.plist;
				INFOPLIST_KEY_UIApplicationSupportsIndirectInputEvents = YES;
				INFOPLIST_KEY_UILaunchStoryboardName = LaunchScreen;
				INFOPLIST_KEY_UIMainStoryboardFile = Main;
				INFOPLIST_KEY_UISupportedInterfaceOrientations_iPad = "UIInterfaceOrientationPortrait UIInterfaceOrientationPortraitUpsideDown UIInterfaceOrientationLandscapeLeft UIInterfaceOrientationLandscapeRight";
				INFOPLIST_KEY_UISupportedInterfaceOrientations_iPhone = "UIInterfaceOrientationPortrait UIInterfaceOrientationLandscapeLeft UIInterfaceOrientationLandscapeRight";
				LD_RUNPATH_SEARCH_PATHS = (
					"$(inherited)",
					"@executable_path/Frameworks",
				);
				MARKETING_VERSION = 1.0;
				PRODUCT_BUNDLE_IDENTIFIER = deloitte.MockProject;
				PRODUCT_NAME = "$(TARGET_NAME)";
				SWIFT_EMIT_LOC_STRINGS = YES;
				SWIFT_VERSION = 5.0;
				TARGETED_DEVICE_FAMILY = "1,2";
			};
			name = Debug;
		};
		3E93F591294AF90A009D8358 /* Release */ = {
			isa = XCBuildConfiguration;
			buildSettings = {
				ASSETCATALOG_COMPILER_APPICON_NAME = AppIcon;
				ASSETCATALOG_COMPILER_GLOBAL_ACCENT_COLOR_NAME = AccentColor;
				CODE_SIGN_STYLE = Automatic;
				CURRENT_PROJECT_VERSION = 1;
				GENERATE_INFOPLIST_FILE = YES;
				INFOPLIST_FILE = MockProject/Info.plist;
				INFOPLIST_KEY_UIApplicationSupportsIndirectInputEvents = YES;
				INFOPLIST_KEY_UILaunchStoryboardName = LaunchScreen;
				INFOPLIST_KEY_UIMainStoryboardFile = Main;
				INFOPLIST_KEY_UISupportedInterfaceOrientations_iPad = "UIInterfaceOrientationPortrait UIInterfaceOrientationPortraitUpsideDown UIInterfaceOrientationLandscapeLeft UIInterfaceOrientationLandscapeRight";
				INFOPLIST_KEY_UISupportedInterfaceOrientations_iPhone = "UIInterfaceOrientationPortrait UIInterfaceOrientationLandscapeLeft UIInterfaceOrientationLandscapeRight";
				LD_RUNPATH_SEARCH_PATHS = (
					"$(inherited)",
					"@executable_path/Frameworks",
				);
				MARKETING_VERSION = 1.0;
				PRODUCT_BUNDLE_IDENTIFIER = deloitte.MockProject;
				PRODUCT_NAME = "$(TARGET_NAME)";
				SWIFT_EMIT_LOC_STRINGS = YES;
				SWIFT_VERSION = 5.0;
				TARGETED_DEVICE_FAMILY = "1,2";
			};
			name = Release;
		};
		3E93F593294AF90A009D8358 /* Debug */ = {
			isa = XCBuildConfiguration;
			buildSettings = {
				ALWAYS_EMBED_SWIFT_STANDARD_LIBRARIES = YES;
				BUNDLE_LOADER = "$(TEST_HOST)";
				CODE_SIGN_STYLE = Automatic;
				CURRENT_PROJECT_VERSION = 1;
				GENERATE_INFOPLIST_FILE = YES;
				IPHONEOS_DEPLOYMENT_TARGET = 16.1;
				MARKETING_VERSION = 1.0;
				PRODUCT_BUNDLE_IDENTIFIER = deloitte.MockProjectTests;
				PRODUCT_NAME = "$(TARGET_NAME)";
				SWIFT_EMIT_LOC_STRINGS = NO;
				SWIFT_VERSION = 5.0;
				TARGETED_DEVICE_FAMILY = "1,2";
				TEST_HOST = "$(BUILT_PRODUCTS_DIR)/MockProject.app/$(BUNDLE_EXECUTABLE_FOLDER_PATH)/MockProject";
			};
			name = Debug;
		};
		3E93F594294AF90A009D8358 /* Release */ = {
			isa = XCBuildConfiguration;
			buildSettings = {
				ALWAYS_EMBED_SWIFT_STANDARD_LIBRARIES = YES;
				BUNDLE_LOADER = "$(TEST_HOST)";
				CODE_SIGN_STYLE = Automatic;
				CURRENT_PROJECT_VERSION = 1;
				GENERATE_INFOPLIST_FILE = YES;
				IPHONEOS_DEPLOYMENT_TARGET = 16.1;
				MARKETING_VERSION = 1.0;
				PRODUCT_BUNDLE_IDENTIFIER = deloitte.MockProjectTests;
				PRODUCT_NAME = "$(TARGET_NAME)";
				SWIFT_EMIT_LOC_STRINGS = NO;
				SWIFT_VERSION = 5.0;
				TARGETED_DEVICE_FAMILY = "1,2";
				TEST_HOST = "$(BUILT_PRODUCTS_DIR)/MockProject.app/$(BUNDLE_EXECUTABLE_FOLDER_PATH)/MockProject";
			};
			name = Release;
		};
		3E93F596294AF90A009D8358 /* Debug */ = {
			isa = XCBuildConfiguration;
			buildSettings = {
				ALWAYS_EMBED_SWIFT_STANDARD_LIBRARIES = YES;
				CODE_SIGN_STYLE = Automatic;
				CURRENT_PROJECT_VERSION = 1;
				GENERATE_INFOPLIST_FILE = YES;
				MARKETING_VERSION = 1.0;
				PRODUCT_BUNDLE_IDENTIFIER = deloitte.MockProjectUITests;
				PRODUCT_NAME = "$(TARGET_NAME)";
				SWIFT_EMIT_LOC_STRINGS = NO;
				SWIFT_VERSION = 5.0;
				TARGETED_DEVICE_FAMILY = "1,2";
				TEST_TARGET_NAME = MockProject;
			};
			name = Debug;
		};
		3E93F597294AF90A009D8358 /* Release */ = {
			isa = XCBuildConfiguration;
			buildSettings = {
				ALWAYS_EMBED_SWIFT_STANDARD_LIBRARIES = YES;
				CODE_SIGN_STYLE = Automatic;
				CURRENT_PROJECT_VERSION = 1;
				GENERATE_INFOPLIST_FILE = YES;
				MARKETING_VERSION = 1.0;
				PRODUCT_BUNDLE_IDENTIFIER = deloitte.MockProjectUITests;
				PRODUCT_NAME = "$(TARGET_NAME)";
				SWIFT_EMIT_LOC_STRINGS = NO;
				SWIFT_VERSION = 5.0;
				TARGETED_DEVICE_FAMILY = "1,2";
				TEST_TARGET_NAME = MockProject;
			};
			name = Release;
		};
/* End XCBuildConfiguration section */

/* Begin XCConfigurationList section */
		3E93F560294AF907009D8358 /* Build configuration list for PBXProject "MockProject" */ = {
			isa = XCConfigurationList;
			buildConfigurations = (
				3E93F58D294AF90A009D8358 /* Debug */,
				3E93F58E294AF90A009D8358 /* Release */,
			);
			defaultConfigurationIsVisible = 0;
			defaultConfigurationName = Release;
		};
		3E93F58F294AF90A009D8358 /* Build configuration list for PBXNativeTarget "MockProject" */ = {
			isa = XCConfigurationList;
			buildConfigurations = (
				3E93F590294AF90A009D8358 /* Debug */,
				3E93F591294AF90A009D8358 /* Release */,
			);
			defaultConfigurationIsVisible = 0;
			defaultConfigurationName = Release;
		};
		3E93F592294AF90A009D8358 /* Build configuration list for PBXNativeTarget "MockProjectTests" */ = {
			isa = XCConfigurationList;
			buildConfigurations = (
				3E93F593294AF90A009D8358 /* Debug */,
				3E93F594294AF90A009D8358 /* Release */,
			);
			defaultConfigurationIsVisible = 0;
			defaultConfigurationName = Release;
		};
		3E93F595294AF90A009D8358 /* Build configuration list for PBXNativeTarget "MockProjectUITests" */ = {
			isa = XCConfigurationList;
			buildConfigurations = (
				3E93F596294AF90A009D8358 /* Debug */,
				3E93F597294AF90A009D8358 /* Release */,
			);
			defaultConfigurationIsVisible = 0;
			defaultConfigurationName = Release;
		};
/* End XCConfigurationList section */
	};
	rootObject = 3E93F55D294AF907009D8358 /* Project object */;
}
